
Microsoft Visual Studio Solution File, Format Version 12.00
# Visual Studio Version 17
VisualStudioVersion = 17.9.34622.214
MinimumVisualStudioVersion = 10.0.40219.1
Project("{FAE04EC0-301F-11D3-BF4B-00C04F79EFBC}") = "WordFile", "WordFile\WordFile.csproj", "{6939C499-1461-48CD-A7DD-8F636D4F6A78}"
EndProject
Global
	GlobalSection(SolutionConfigurationPlatforms) = preSolution
		Debug|Any CPU = Debug|Any CPU
		Release|Any CPU = Release|Any CPU
	EndGlobalSection
	GlobalSection(ProjectConfigurationPlatforms) = postSolution
		{6939C499-1461-48CD-A7DD-8F636D4F6A78}.Debug|Any CPU.ActiveCfg = Debug|Any CPU
		{6939C499-1461-48CD-A7DD-8F636D4F6A78}.Debug|Any CPU.Build.0 = Debug|Any CPU
		{6939C499-1461-48CD-A7DD-8F636D4F6A78}.Release|Any CPU.ActiveCfg = Release|Any CPU
		{6939C499-1461-48CD-A7DD-8F636D4F6A78}.Release|Any CPU.Build.0 = Release|Any CPU
	EndGlobalSection
	GlobalSection(SolutionProperties) = preSolution
		HideSolutionNode = FALSE
	EndGlobalSection
	GlobalSection(ExtensibilityGlobals) = postSolution
		SolutionGuid = {000776AC-81D1-4182-9382-0EFC1CF80547}
	EndGlobalSection
EndGlobal
